version = 1
revision = 3
requires-python = ">=3.14"

[[package]]
name = "glfw"
version = "2.10.2"
source = { registry = "https://pypi.org/simple" }
sdist = { url = "https://files.pythonhosted.org/packages/0f/62/096058bcb4b4fb28f7ecd28fb048f07969d90b243c417af5f6d09d45a0c2/glfw-2.10.2.tar.gz", hash = "sha256:5d2cf97c66bc42a6b583be0e307eae5a3945438322e2ed0c5e4f14dc251d693d", size = 36307, upload-time = "2026-07-21T14:42:36.732Z" }
wheels = [
    { url = "https://files.pythonhosted.org/packages/c4/80/5e575ec14f54dc0a644e7215985b9ee7c5044fcc3594d6b83dfdeb04ccd4/glfw-2.10.2-py2.py3-none-macosx_10_6_intel.whl", hash = "sha256:a04d25bb535a3a29e173ea1abd658e161681b5d3816e00bc51c122f74cd7fa3a", size = 110295, upload-time = "2026-07-21T14:42:25.625Z" },
    { url = "https://files.pythonhosted.org/packages/e5/2e/22216db429690aa51fa87d2e2b5e6b610c5a37b9df7768da2927f52f8704/glfw-2.10.2-py2.py3-none-macosx_11_0_arm64.whl", hash = "sha256:c000b8a5e5fb4374b2c18d12347255ccb92001b9bcf80ef74c56072acbb98fe3", size = 107146, upload-time = "2026-07-21T14:42:26.854Z" },
    { url = "https://files.pythonhosted.org/packages/75/a4/9ccee9d5c3b9c5d6bafce3e8d53ab8318eff30124e3c19b95580bebaa6d4/glfw-2.10.2-py2.py3-none-manylinux2014_aarch64.whl", hash = "sha256:0ffe2b48b51f37b05e8f027f57c0b8cd213affaf22fc83401bd9621692d4c6c8", size = 235005, upload-time = "2026-07-21T14:42:27.955Z" },
    { url = "https://files.pythonhosted.org/packages/77/44/37aeed50c581c76e1c5bb83b696a06f98f8ecc979ed8564dde3eef908e8b/glfw-2.10.2-py2.py3-none-manylinux2014_x86_64.whl", hash = "sha256:82daf1f87b2a48815637dc6f6720d4a55a57ba1d3683322dc20dc28065754f97", size = 246951, upload-time = "2026-07-21T14:42:29.107Z" },
    { url = "https://files.pythonhosted.org/packages/52/fc/29b4f1a8c8e33d8934781330a0845458b01da7f389d9fe6a3350e752b7f3/glfw-2.10.2-py2.py3-none-manylinux_2_28_aarch64.whl", hash = "sha256:7604425ec95665cc6a25c3ed7d07e9660d394a34472ceffaec0843c844e7b649", size = 236018, upload-time = "2026-07-21T14:42:30.623Z" },
    { url = "https://files.pythonhosted.org/packages/69/84/1b98671314ea5f40397586b6cd14db913de3196333be558fdc177e61708f/glfw-2.10.2-py2.py3-none-manylinux_2_28_x86_64.whl", hash = "sha256:b860de3ca0686182483f98f3ddd12e660acf25b3e0d521450ec9a3f999f72a65", size = 248490, upload-time = "2026-07-21T14:42:32.377Z" },
    { url = "https://files.pythonhosted.org/packages/12/d9/bd2e6c8dbadcf69fcd2289705e75881258b46221c196903a52e9f6e97322/glfw-2.10.2-py2.py3-none-win32.whl", hash = "sha256:a94aefe8c48886fd83cd6e11e936846166a4b5b94abf1f4bf599d984774b0b1b", size = 557654, upload-time = "2026-07-21T14:42:33.903Z" },
    { url = "https://files.pythonhosted.org/packages/e0/6c/4ca5f3ab85a8d7f612ce857208726e9b834e54e559751e3d4f98cc2f7509/glfw-2.10.2-py2.py3-none-win_amd64.whl", hash = "sha256:15fd0666cd8f1b0ecb535c3abb712b8ddda053bf8d16de2353b1c6ced0e65402", size = 564433, upload-time = "2026-07-21T14:42:35.465Z" },
]

[[package]]
name = "pydoom"
version = "0.1.0"
source = { virtual = "." }
dependencies = [
    { name = "glfw" },
    { name = "pyopengl" },
    { name = "pyopengl-accelerate" },
]

[package.metadata]
requires-dist = [
    { name = "glfw", specifier = ">=2.10.2" },
    { name = "pyopengl", specifier = ">=3.1.10" },
    { name = "pyopengl-accelerate", specifier = ">=3.1.10" },
]

[[package]]
name = "pyopengl"
version = "3.1.10"
source = { registry = "https://pypi.org/simple" }
sdist = { url = "https://files.pythonhosted.org/packages/6f/16/912b7225d56284859cd9a672827f18be43f8012f8b7b932bc4bd959a298e/pyopengl-3.1.10.tar.gz", hash = "sha256:c4a02d6866b54eb119c8e9b3fb04fa835a95ab802dd96607ab4cdb0012df8335", size = 1915580, upload-time = "2025-08-18T02:33:01.76Z" }
wheels = [
    { url = "https://files.pythonhosted.org/packages/de/e4/1ba6f44e491c4eece978685230dde56b14d51a0365bc1b774ddaa94d14cd/pyopengl-3.1.10-py3-none-any.whl", hash = "sha256:794a943daced39300879e4e47bd94525280685f42dbb5a998d336cfff151d74f", size = 3194996, upload-time = "2025-08-18T02:32:59.902Z" },
]

[[package]]
name = "pyopengl-accelerate"
version = "3.1.10"
source = { registry = "https://pypi.org/simple" }
sdist = { url = "https://files.pythonhosted.org/packages/6d/49/dffa946f07e84eb4666d7fb5553a1d569d54405c863ff7a19b71758712f6/pyopengl_accelerate-3.1.10.tar.gz", hash = "sha256:82751c83f0a6f732b8b5923990edc2441d38176a98756b1718e8d6c4379f5a71", size = 21930, upload-time = "2025-08-18T02:34:06.752Z" }
wheels = [
    { url = "https://files.pythonhosted.org/packages/ae/8d/f86cb315b34fdc670c747b5041bec468258bbda55f9809f004dcbf3ff0fe/pyopengl_accelerate-3.1.10-cp314-cp314-macosx_11_0_arm64.whl", hash = "sha256:415b6ddceaa6a3fed699f1e7a6aac0de6f37e5ae19349c4ed3a7c38e17a8e09e", size = 416781, upload-time = "2025-08-18T02:33:38.021Z" },
    { url = "https://files.pythonhosted.org/packages/5e/14/215c66da71a065734217ea53d884c5c008a35757d5d17f667799cdee8fbc/pyopengl_accelerate-3.1.10-cp314-cp314-manylinux2014_x86_64.manylinux_2_17_x86_64.manylinux_2_28_x86_64.whl", hash = "sha256:d6b8aabfb227ad579f3dfabe8f0e9909026d1af540baf6405b38efa4f10fb9eb", size = 3090132, upload-time = "2025-08-18T02:33:39.517Z" },
    { url = "https://files.pythonhosted.org/packages/20/7e/3a4fa502e6e1531af3a89b736a001886f2c2a88f83fc44b853ef177beb89/pyopengl_accelerate-3.1.10-cp314-cp314-musllinux_1_2_x86_64.whl", hash = "sha256:3d521cd41a4e62c38ec315770049dfc5c4b25e5c1debd4038cfbf75e05022f7c", size = 2963250, upload-time = "2025-08-18T02:33:41.211Z" },
    { url = "https://files.pythonhosted.org/packages/29/64/2216644cd1d58771634ec7decbfe973f3eb6ac545224181efaaf30b15197/pyopengl_accelerate-3.1.10-cp314-cp314-win32.whl", hash = "sha256:fce5e6015ba2db99f0ebb07e4cd98ca4e70b419f186ea042cb70379228c1a339", size = 334199, upload-time = "2025-08-18T02:33:42.519Z" },
    { url = "https://files.pythonhosted.org/packages/04/f0/da152261f49e248b1530460367ee35fcc78c0878685fc07b39a6f53223d4/pyopengl_accelerate-3.1.10-cp314-cp314-win_amd64.whl", hash = "sha256:081b6b0f39f35f750ddf60fc865556e6d01481eb818ce1482f79cfde2abe598b", size = 394806, upload-time = "2025-08-18T02:33:43.638Z" },
    { url = "https://files.pythonhosted.org/packages/b0/25/7516f1fdeba4d13da3941b198a368cf72d6d17f9bcc48d76476f75973866/pyopengl_accelerate-3.1.10-cp314-cp314t-macosx_11_0_arm64.whl", hash = "sha256:a35503ee877b35264172903eb6c8110b021531090a4647a81252f52a68757d4d", size = 462905, upload-time = "2025-08-18T02:33:45.15Z" },
    { url = "https://files.pythonhosted.org/packages/9b/72/d8bcd7a2264098dfe36ac15dfded7a8a513d56e4e6adfc9e651fd17cccb1/pyopengl_accelerate-3.1.10-cp314-cp314t-manylinux2014_x86_64.manylinux_2_17_x86_64.manylinux_2_28_x86_64.whl", hash = "sha256:db2005912defa77a1e7390024d52b295c85a1c7ebd85ba073f1839d4bfffe855", size = 3379961, upload-time = "2025-08-18T02:33:46.602Z" },
    { url = "https://files.pythonhosted.org/packages/17/a7/e74bf3a52d7e97f92e8a3cdd7edba7f50c6053536f54a7124772fcbbcf62/pyopengl_accelerate-3.1.10-cp314-cp314t-musllinux_1_2_x86_64.whl", hash = "sha256:fcf6827b1fff244ca6953068c17285b9eae173a20fccc1d9c193779f71b88d0f", size = 3254293, upload-time = "2025-08-18T02:33:48.105Z" },
    { url = "https://files.pythonhosted.org/packages/fa/e4/c840324bab4efed955f258422a88a621e7462cafd627b3d2c9d314d4279d/pyopengl_accelerate-3.1.10-cp314-cp314t-win32.whl", hash = "sha256:e55ea6a85894ad74d6f09953e3d359fe27def9fed220588787993e49e42db1d0", size = 408410, upload-time = "2025-08-18T02:33:49.441Z" },
    { url = "https://files.pythonhosted.org/packages/87/97/6312caecc721cf4e4fdac2a156dc57e403e3d9a17553d72e86653cbc92ef/pyopengl_accelerate-3.1.10-cp314-cp314t-win_amd64.whl", hash = "sha256:a2866cb65c45b013c2bf9995010824cc1b50ae91a4166746beb9ce241803e62a", size = 484776, upload-time = "2025-08-18T02:33:51.342Z" },
]
