version = 1
revision = 3
requires-python = ">=3.14"

[[package]]
name = "glfw"
version = "2.10.2"
source = { registry = "https://pypi.org/simple" }
sdist = { url = "https://files.pythonhosted.org/packages/0f/62/096058bcb4b4fb28f7ecd28fb048f07969d90b243c417af5f6d09d45a0c2/glfw-2.10.2.tar.gz", hash = "sha256:5d2cf97c66bc42a6b583be0e307eae5a3945438322e2ed0c5e4f14dc251d693d", size = 36307, upload-time = "2026-07-21T14:42:36.732Z" }
wheels = [
    { url = "https://files.pythonhosted.org/packages/c4/80/5e575ec14f54dc0a644e7215985b9ee7c5044fcc3594d6b83dfdeb04ccd4/glfw-2.10.2-py2.py3-none-macosx_10_6_intel.whl", hash = "sha256:a04d25bb535a3a29e173ea1abd658e161681b5d3816e00bc51c122f74cd7fa3a", size = 110295, upload-time = "2026-07-21T14:42:25.625Z" },
    { url = "https://files.pythonhosted.org/packages/e5/2e/22216db429690aa51fa87d2e2b5e6b610c5a37b9df7768da2927f52f8704/glfw-2.10.2-py2.py3-none-macosx_11_0_arm64.whl", hash = "sha256:c000b8a5e5fb4374b2c18d12347255ccb92001b9bcf80ef74c56072acbb98fe3", size = 107146, upload-time = "2026-07-21T14:42:26.854Z" },
    { url = "https://files.pythonhosted.org/packages/75/a4/9ccee9d5c3b9c5d6bafce3e8d53ab8318eff30124e3c19b95580bebaa6d4/glfw-2.10.2-py2.py3-none-manylinux2014_aarch64.whl", hash = "sha256:0ffe2b48b51f37b05e8f027f57c0b8cd213affaf22fc83401bd9621692d4c6c8", size = 235005, upload-time = "2026-07-21T14:42:27.955Z" },
    { url = "https://files.pythonhosted.org/packages/77/44/37aeed50c581c76e1c5bb83b696a06f98f8ecc979ed8564dde3eef908e8b/glfw-2.10.2-py2.py3-none-manylinux2014_x86_64.whl", hash = "sha256:82daf1f87b2a48815637dc6f6720d4a55a57ba1d3683322dc20dc28065754f97", size = 246951, upload-time = "2026-07-21T14:42:29.107Z" },
    { url = "https://files.pythonhosted.org/packages/52/fc/29b4f1a8c8e33d8934781330a0845458b01da7f389d9fe6a3350e752b7f3/glfw-2.10.2-py2.py3-none-manylinux_2_28_aarch64.whl", hash = "sha256:7604425ec95665cc6a25c3ed7d07e9660d394a34472ceffaec0843c844e7b649", size = 236018, upload-time = "2026-07-21T14:42:30.623Z" },
    { url = "https://files.pythonhosted.org/packages/69/84/1b98671314ea5f40397586b6cd14db913de3196333be558fdc177e61708f/glfw-2.10.2-py2.py3-none-manylinux_2_28_x86_64.whl", hash = "sha256:b860de3ca0686182483f98f3ddd12e660acf25b3e0d521450ec9a3f999f72a65", size = 248490, upload-time = "2026-07-21T14:42:32.377Z" },
    { url = "https://files.pythonhosted.org/packages/12/d9/bd2e6c8dbadcf69fcd2289705e75881258b46221c196903a52e9f6e97322/glfw-2.10.2-py2.py3-none-win32.whl", hash = "sha256:a94aefe8c48886fd83cd6e11e936846166a4b5b94abf1f4bf599d984774b0b1b", size = 557654, upload-time = "2026-07-21T14:42:33.903Z" },
    { url = "https://files.pythonhosted.org/packages/e0/6c/4ca5f3ab85a8d7f612ce857208726e9b834e54e559751e3d4f98cc2f7509/glfw-2.10.2-py2.py3-none-win_amd64.whl", hash = "sha256:15fd0666cd8f1b0ecb535c3abb712b8ddda053bf8d16de2353b1c6ced0e65402", size = 564433, upload-time = "2026-07-21T14:42:35.465Z" },
]

[[package]]
name = "pydoom"
version = "0.1.0"
source = { virtual = "." }
dependencies = [
    { name = "glfw" },
]

[package.metadata]
requires-dist = [{ name = "glfw", specifier = ">=2.10.2" }]
